// !$*UTF8*$!
{
	archiveVersion = 1;
	classes = {
	};
	objectVersion = 50;
	objects = {

/* Begin PBXBuildFile section */
		9D43C8C3237A602B00A60C44 /* AppDelegate.m in Sources */ = {isa = PBXBuildFile; fileRef = 9D43C8C2237A602B00A60C44 /* AppDelegate.m */; };
		9D43C8C6237A602B00A60C44 /* SceneDelegate.m in Sources */ = {isa = PBXBuildFile; fileRef = 9D43C8C5237A602B00A60C44 /* SceneDelegate.m */; };
		9D43C8C9237A602B00A60C44 /* ViewController.m in Sources */ = {isa = PBXBuildFile; fileRef = 9D43C8C8237A602B00A60C44 /* ViewController.m */; };
		9D43C8CC237A602B00A60C44 /* Main.storyboard in Resources */ = {isa = PBXBuildFile; fileRef = 9D43C8CA237A602B00A60C44 /* Main.storyboard */; };
		9D43C8CE237A602C00A60C44 /* Assets.xcassets in Resources */ = {isa = PBXBuildFile; fileRef = 9D43C8CD237A602C00A60C44 /* Assets.xcassets */; };
		9D43C8D1237A602C00A60C44 /* LaunchScreen.storyboard in Resources */ = {isa = PBXBuildFile; fileRef = 9D43C8CF237A602C00A60C44 /* LaunchScreen.storyboard */; };
		9D43C8D4237A602C00A60C44 /* main.m in Sources */ = {isa = PBXBuildFile; fileRef = 9D43C8D3237A602C00A60C44 /* main.m */; };
		9D7F9C472396898F00814037 /* BIvarModel.m in Sources */ = {isa = PBXBuildFile; fileRef = 9D7F9C462396898F00814037 /* BIvarModel.m */; };
		9D7F9C4A23968BE600814037 /* BObjctReference.m in Sources */ = {isa = PBXBuildFile; fileRef = 9D7F9C4923968BE600814037 /* BObjctReference.m */; };
		9D7F9C5D2396A17200814037 /* BObjectRelationshipGraph.m in Sources */ = {isa = PBXBuildFile; fileRef = 9D7F9C5C2396A17200814037 /* BObjectRelationshipGraph.m */; };
		9D7F9C602396A18500814037 /* BObjectRelationshipNode.m in Sources */ = {isa = PBXBuildFile; fileRef = 9D7F9C5F2396A18500814037 /* BObjectRelationshipNode.m */; };
		9D7F9C6B2397691D00814037 /* BLeakFinder.m in Sources */ = {isa = PBXBuildFile; fileRef = 9D7F9C6A2397691D00814037 /* BLeakFinder.m */; };
		9DC35A9823828C1D00A96750 /* AViewController.m in Sources */ = {isa = PBXBuildFile; fileRef = 9DC35A9723828C1D00A96750 /* AViewController.m */; };
		9DC35A9B2382935000A96750 /* People.m in Sources */ = {isa = PBXBuildFile; fileRef = 9DC35A9A2382935000A96750 /* People.m */; };
		9DC35ABA2382CC5C00A96750 /* BViewController.m in Sources */ = {isa = PBXBuildFile; fileRef = 9DC35AB92382CC5C00A96750 /* BViewController.m */; };
		9DC35ABD2382CC8200A96750 /* MyView.m in Sources */ = {isa = PBXBuildFile; fileRef = 9DC35ABC2382CC8200A96750 /* MyView.m */; };
/* End PBXBuildFile section */

/* Begin PBXFileReference section */
		9D43C8BE237A602B00A60C44 /* RuntimeDemo.app */ = {isa = PBXFileReference; explicitFileType = wrapper.application; includeInIndex = 0; path = RuntimeDemo.app; sourceTree = BUILT_PRODUCTS_DIR; };
		9D43C8C1237A602B00A60C44 /* AppDelegate.h */ = {isa = PBXFileReference; lastKnownFileType = sourcecode.c.h; path = AppDelegate.h; sourceTree = "<group>"; };
		9D43C8C2237A602B00A60C44 /* AppDelegate.m */ = {isa = PBXFileReference; lastKnownFileType = sourcecode.c.objc; path = AppDelegate.m; sourceTree = "<group>"; };
		9D43C8C4237A602B00A60C44 /* SceneDelegate.h */ = {isa = PBXFileReference; lastKnownFileType = sourcecode.c.h; path = SceneDelegate.h; sourceTree = "<group>"; };
		9D43C8C5237A602B00A60C44 /* SceneDelegate.m */ = {isa = PBXFileReference; lastKnownFileType = sourcecode.c.objc; path = SceneDelegate.m; sourceTree = "<group>"; };
		9D43C8C7237A602B00A60C44 /* ViewController.h */ = {isa = PBXFileReference; lastKnownFileType = sourcecode.c.h; path = ViewController.h; sourceTree = "<group>"; };
		9D43C8C8237A602B00A60C44 /* ViewController.m */ = {isa = PBXFileReference; lastKnownFileType = sourcecode.c.objc; path = ViewController.m; sourceTree = "<group>"; };
		9D43C8CB237A602B00A60C44 /* Base */ = {isa = PBXFileReference; lastKnownFileType = file.storyboard; name = Base; path = Base.lproj/Main.storyboard; sourceTree = "<group>"; };
		9D43C8CD237A602C00A60C44 /* Assets.xcassets */ = {isa = PBXFileReference; lastKnownFileType = folder.assetcatalog; path = Assets.xcassets; sourceTree = "<group>"; };
		9D43C8D0237A602C00A60C44 /* Base */ = {isa = PBXFileReference; lastKnownFileType = file.storyboard; name = Base; path = Base.lproj/LaunchScreen.storyboard; sourceTree = "<group>"; };
		9D43C8D2237A602C00A60C44 /* Info.plist */ = {isa = PBXFileReference; lastKnownFileType = text.plist.xml; path = Info.plist; sourceTree = "<group>"; };
		9D43C8D3237A602C00A60C44 /* main.m */ = {isa = PBXFileReference; lastKnownFileType = sourcecode.c.objc; path = main.m; sourceTree = "<group>"; };
		9D7F9C452396898F00814037 /* BIvarModel.h */ = {isa = PBXFileReference; lastKnownFileType = sourcecode.c.h; path = BIvarModel.h; sourceTree = "<group>"; };
		9D7F9C462396898F00814037 /* BIvarModel.m */ = {isa = PBXFileReference; lastKnownFileType = sourcecode.c.objc; path = BIvarModel.m; sourceTree = "<group>"; };
		9D7F9C4823968BE600814037 /* BObjctReference.h */ = {isa = PBXFileReference; lastKnownFileType = sourcecode.c.h; path = BObjctReference.h; sourceTree = "<group>"; };
		9D7F9C4923968BE600814037 /* BObjctReference.m */ = {isa = PBXFileReference; lastKnownFileType = sourcecode.c.objc; path = BObjctReference.m; sourceTree = "<group>"; };
		9D7F9C5B2396A17200814037 /* BObjectRelationshipGraph.h */ = {isa = PBXFileReference; lastKnownFileType = sourcecode.c.h; path = BObjectRelationshipGraph.h; sourceTree = "<group>"; };
		9D7F9C5C2396A17200814037 /* BObjectRelationshipGraph.m */ = {isa = PBXFileReference; lastKnownFileType = sourcecode.c.objc; path = BObjectRelationshipGraph.m; sourceTree = "<group>"; };
		9D7F9C5E2396A18500814037 /* BObjectRelationshipNode.h */ = {isa = PBXFileReference; lastKnownFileType = sourcecode.c.h; path = BObjectRelationshipNode.h; sourceTree = "<group>"; };
		9D7F9C5F2396A18500814037 /* BObjectRelationshipNode.m */ = {isa = PBXFileReference; lastKnownFileType = sourcecode.c.objc; path = BObjectRelationshipNode.m; sourceTree = "<group>"; };
		9D7F9C692397691D00814037 /* BLeakFinder.h */ = {isa = PBXFileReference; lastKnownFileType = sourcecode.c.h; path = BLeakFinder.h; sourceTree = "<group>"; };
		9D7F9C6A2397691D00814037 /* BLeakFinder.m */ = {isa = PBXFileReference; lastKnownFileType = sourcecode.c.objc; path = BLeakFinder.m; sourceTree = "<group>"; };
		9DC35A9623828C1C00A96750 /* AViewController.h */ = {isa = PBXFileReference; lastKnownFileType = sourcecode.c.h; path = AViewController.h; sourceTree = "<group>"; };
		9DC35A9723828C1D00A96750 /* AViewController.m */ = {isa = PBXFileReference; lastKnownFileType = sourcecode.c.objc; path = AViewController.m; sourceTree = "<group>"; };
		9DC35A992382935000A96750 /* People.h */ = {isa = PBXFileReference; lastKnownFileType = sourcecode.c.h; path = People.h; sourceTree = "<group>"; };
		9DC35A9A2382935000A96750 /* People.m */ = {isa = PBXFileReference; lastKnownFileType = sourcecode.c.objc; path = People.m; sourceTree = "<group>"; };
		9DC35AB82382CC5C00A96750 /* BViewController.h */ = {isa = PBXFileReference; lastKnownFileType = sourcecode.c.h; path = BViewController.h; sourceTree = "<group>"; };
		9DC35AB92382CC5C00A96750 /* BViewController.m */ = {isa = PBXFileReference; lastKnownFileType = sourcecode.c.objc; path = BViewController.m; sourceTree = "<group>"; };
		9DC35ABB2382CC8200A96750 /* MyView.h */ = {isa = PBXFileReference; lastKnownFileType = sourcecode.c.h; path = MyView.h; sourceTree = "<group>"; };
		9DC35ABC2382CC8200A96750 /* MyView.m */ = {isa = PBXFileReference; lastKnownFileType = sourcecode.c.objc; path = MyView.m; sourceTree = "<group>"; };
/* End PBXFileReference section */

/* Begin PBXFrameworksBuildPhase section */
		9D43C8BB237A602B00A60C44 /* Frameworks */ = {
			isa = PBXFrameworksBuildPhase;
			buildActionMask = 2147483647;
			files = (
			);
			runOnlyForDeploymentPostprocessing = 0;
		};
/* End PBXFrameworksBuildPhase section */

/* Begin PBXGroup section */
		9D43C8B5237A602B00A60C44 = {
			isa = PBXGroup;
			children = (
				9D43C8C0237A602B00A60C44 /* RuntimeDemo */,
				9D43C8BF237A602B00A60C44 /* Products */,
			);
			sourceTree = "<group>";
		};
		9D43C8BF237A602B00A60C44 /* Products */ = {
			isa = PBXGroup;
			children = (
				9D43C8BE237A602B00A60C44 /* RuntimeDemo.app */,
			);
			name = Products;
			sourceTree = "<group>";
		};
		9D43C8C0237A602B00A60C44 /* RuntimeDemo */ = {
			isa = PBXGroup;
			children = (
				9D43C8C1237A602B00A60C44 /* AppDelegate.h */,
				9D43C8C2237A602B00A60C44 /* AppDelegate.m */,
				9D43C8C4237A602B00A60C44 /* SceneDelegate.h */,
				9D43C8C5237A602B00A60C44 /* SceneDelegate.m */,
				9D43C8C7237A602B00A60C44 /* ViewController.h */,
				9D43C8C8237A602B00A60C44 /* ViewController.m */,
				9D43C8CA237A602B00A60C44 /* Main.storyboard */,
				9D43C8CD237A602C00A60C44 /* Assets.xcassets */,
				9D43C8CF237A602C00A60C44 /* LaunchScreen.storyboard */,
				9D43C8D2237A602C00A60C44 /* Info.plist */,
				9D43C8D3237A602C00A60C44 /* main.m */,
				9DC35A9623828C1C00A96750 /* AViewController.h */,
				9DC35A9723828C1D00A96750 /* AViewController.m */,
				9DC35A992382935000A96750 /* People.h */,
				9DC35A9A2382935000A96750 /* People.m */,
				9DC35AB82382CC5C00A96750 /* BViewController.h */,
				9DC35AB92382CC5C00A96750 /* BViewController.m */,
				9DC35ABB2382CC8200A96750 /* MyView.h */,
				9DC35ABC2382CC8200A96750 /* MyView.m */,
				9D7F9C452396898F00814037 /* BIvarModel.h */,
				9D7F9C462396898F00814037 /* BIvarModel.m */,
				9D7F9C4823968BE600814037 /* BObjctReference.h */,
				9D7F9C4923968BE600814037 /* BObjctReference.m */,
				9D7F9C5E2396A18500814037 /* BObjectRelationshipNode.h */,
				9D7F9C5F2396A18500814037 /* BObjectRelationshipNode.m */,
				9D7F9C5B2396A17200814037 /* BObjectRelationshipGraph.h */,
				9D7F9C5C2396A17200814037 /* BObjectRelationshipGraph.m */,
				9D7F9C692397691D00814037 /* BLeakFinder.h */,
				9D7F9C6A2397691D00814037 /* BLeakFinder.m */,
			);
			path = RuntimeDemo;
			sourceTree = "<group>";
		};
/* End PBXGroup section */

/* Begin PBXNativeTarget section */
		9D43C8BD237A602B00A60C44 /* RuntimeDemo */ = {
			isa = PBXNativeTarget;
			buildConfigurationList = 9D43C8D7237A602C00A60C44 /* Build configuration list for PBXNativeTarget "RuntimeDemo" */;
			buildPhases = (
				9D43C8BA237A602B00A60C44 /* Sources */,
				9D43C8BB237A602B00A60C44 /* Frameworks */,
				9D43C8BC237A602B00A60C44 /* Resources */,
			);
			buildRules = (
			);
			dependencies = (
			);
			name = RuntimeDemo;
			productName = RuntimeDemo;
			productReference = 9D43C8BE237A602B00A60C44 /* RuntimeDemo.app */;
			productType = "com.apple.product-type.application";
		};
/* End PBXNativeTarget section */

/* Begin PBXProject section */
		9D43C8B6237A602B00A60C44 /* Project object */ = {
			isa = PBXProject;
			attributes = {
				LastUpgradeCheck = 1120;
				ORGANIZATIONNAME = ChenZeBin;
				TargetAttributes = {
					9D43C8BD237A602B00A60C44 = {
						CreatedOnToolsVersion = 11.2;
					};
				};
			};
			buildConfigurationList = 9D43C8B9237A602B00A60C44 /* Build configuration list for PBXProject "RuntimeDemo" */;
			compatibilityVersion = "Xcode 9.3";
			developmentRegion = en;
			hasScannedForEncodings = 0;
			knownRegions = (
				en,
				Base,
			);
			mainGroup = 9D43C8B5237A602B00A60C44;
			productRefGroup = 9D43C8BF237A602B00A60C44 /* Products */;
			projectDirPath = "";
			projectRoot = "";
			targets = (
				9D43C8BD237A602B00A60C44 /* RuntimeDemo */,
			);
		};
/* End PBXProject section */

/* Begin PBXResourcesBuildPhase section */
		9D43C8BC237A602B00A60C44 /* Resources */ = {
			isa = PBXResourcesBuildPhase;
			buildActionMask = 2147483647;
			files = (
				9D43C8D1237A602C00A60C44 /* LaunchScreen.storyboard in Resources */,
				9D43C8CE237A602C00A60C44 /* Assets.xcassets in Resources */,
				9D43C8CC237A602B00A60C44 /* Main.storyboard in Resources */,
			);
			runOnlyForDeploymentPostprocessing = 0;
		};
/* End PBXResourcesBuildPhase section */

/* Begin PBXSourcesBuildPhase section */
		9D43C8BA237A602B00A60C44 /* Sources */ = {
			isa = PBXSourcesBuildPhase;
			buildActionMask = 2147483647;
			files = (
				9D7F9C5D2396A17200814037 /* BObjectRelationshipGraph.m in Sources */,
				9DC35A9B2382935000A96750 /* People.m in Sources */,
				9D43C8C9237A602B00A60C44 /* ViewController.m in Sources */,
				9DC35ABD2382CC8200A96750 /* MyView.m in Sources */,
				9DC35A9823828C1D00A96750 /* AViewController.m in Sources */,
				9D7F9C602396A18500814037 /* BObjectRelationshipNode.m in Sources */,
				9D43C8C3237A602B00A60C44 /* AppDelegate.m in Sources */,
				9D7F9C4A23968BE600814037 /* BObjctReference.m in Sources */,
				9D7F9C472396898F00814037 /* BIvarModel.m in Sources */,
				9DC35ABA2382CC5C00A96750 /* BViewController.m in Sources */,
				9D43C8D4237A602C00A60C44 /* main.m in Sources */,
				9D43C8C6237A602B00A60C44 /* SceneDelegate.m in Sources */,
				9D7F9C6B2397691D00814037 /* BLeakFinder.m in Sources */,
			);
			runOnlyForDeploymentPostprocessing = 0;
		};
/* End PBXSourcesBuildPhase section */

/* Begin PBXVariantGroup section */
		9D43C8CA237A602B00A60C44 /* Main.storyboard */ = {
			isa = PBXVariantGroup;
			children = (
				9D43C8CB237A602B00A60C44 /* Base */,
			);
			name = Main.storyboard;
			sourceTree = "<group>";
		};
		9D43C8CF237A602C00A60C44 /* LaunchScreen.storyboard */ = {
			isa = PBXVariantGroup;
			children = (
				9D43C8D0237A602C00A60C44 /* Base */,
			);
			name = LaunchScreen.storyboard;
			sourceTree = "<group>";
		};
/* End PBXVariantGroup section */

/* Begin XCBuildConfiguration section */
		9D43C8D5237A602C00A60C44 /* Debug */ = {
			isa = XCBuildConfiguration;
			buildSettings = {
				ALWAYS_SEARCH_USER_PATHS = NO;
				CLANG_ANALYZER_NONNULL = YES;
				CLANG_ANALYZER_NUMBER_OBJECT_CONVERSION = YES_AGGRESSIVE;
				CLANG_CXX_LANGUAGE_STANDARD = "gnu++14";
				CLANG_CXX_LIBRARY = "libc++";
				CLANG_ENABLE_MODULES = YES;
				CLANG_ENABLE_OBJC_ARC = YES;
				CLANG_ENABLE_OBJC_WEAK = YES;
				CLANG_WARN_BLOCK_CAPTURE_AUTORELEASING = YES;
				CLANG_WARN_BOOL_CONVERSION = YES;
				CLANG_WARN_COMMA = YES;
				CLANG_WARN_CONSTANT_CONVERSION = YES;
				CLANG_WARN_DEPRECATED_OBJC_IMPLEMENTATIONS = YES;
				CLANG_WARN_DIRECT_OBJC_ISA_USAGE = YES_ERROR;
				CLANG_WARN_DOCUMENTATION_COMMENTS = YES;
				CLANG_WARN_EMPTY_BODY = YES;
				CLANG_WARN_ENUM_CONVERSION = YES;
				CLANG_WARN_INFINITE_RECURSION = YES;
				CLANG_WARN_INT_CONVERSION = YES;
				CLANG_WARN_NON_LITERAL_NULL_CONVERSION = YES;
				CLANG_WARN_OBJC_IMPLICIT_RETAIN_SELF = YES;
				CLANG_WARN_OBJC_LITERAL_CONVERSION = YES;
				CLANG_WARN_OBJC_ROOT_CLASS = YES_ERROR;
				CLANG_WARN_RANGE_LOOP_ANALYSIS = YES;
				CLANG_WARN_STRICT_PROTOTYPES = YES;
				CLANG_WARN_SUSPICIOUS_MOVE = YES;
				CLANG_WARN_UNGUARDED_AVAILABILITY = YES_AGGRESSIVE;
				CLANG_WARN_UNREACHABLE_CODE = YES;
				CLANG_WARN__DUPLICATE_METHOD_MATCH = YES;
				COPY_PHASE_STRIP = NO;
				DEBUG_INFORMATION_FORMAT = dwarf;
				ENABLE_STRICT_OBJC_MSGSEND = YES;
				ENABLE_TESTABILITY = YES;
				GCC_C_LANGUAGE_STANDARD = gnu11;
				GCC_DYNAMIC_NO_PIC = NO;
				GCC_NO_COMMON_BLOCKS = YES;
				GCC_OPTIMIZATION_LEVEL = 0;
				GCC_PREPROCESSOR_DEFINITIONS = (
					"DEBUG=1",
					"$(inherited)",
				);
				GCC_WARN_64_TO_32_BIT_CONVERSION = YES;
				GCC_WARN_ABOUT_RETURN_TYPE = YES_ERROR;
				GCC_WARN_UNDECLARED_SELECTOR = YES;
				GCC_WARN_UNINITIALIZED_AUTOS = YES_AGGRESSIVE;
				GCC_WARN_UNUSED_FUNCTION = YES;
				GCC_WARN_UNUSED_VARIABLE = YES;
				IPHONEOS_DEPLOYMENT_TARGET = 13.2;
				MTL_ENABLE_DEBUG_INFO = INCLUDE_SOURCE;
				MTL_FAST_MATH = YES;
				ONLY_ACTIVE_ARCH = YES;
				SDKROOT = iphoneos;
			};
			name = Debug;
		};
		9D43C8D6237A602C00A60C44 /* Release */ = {
			isa = XCBuildConfiguration;
			buildSettings = {
				ALWAYS_SEARCH_USER_PATHS = NO;
				CLANG_ANALYZER_NONNULL = YES;
				CLANG_ANALYZER_NUMBER_OBJECT_CONVERSION = YES_AGGRESSIVE;
				CLANG_CXX_LANGUAGE_STANDARD = "gnu++14";
				CLANG_CXX_LIBRARY = "libc++";
				CLANG_ENABLE_MODULES = YES;
				CLANG_ENABLE_OBJC_ARC = YES;
				CLANG_ENABLE_OBJC_WEAK = YES;
				CLANG_WARN_BLOCK_CAPTURE_AUTORELEASING = YES;
				CLANG_WARN_BOOL_CONVERSION = YES;
				CLANG_WARN_COMMA = YES;
				CLANG_WARN_CONSTANT_CONVERSION = YES;
				CLANG_WARN_DEPRECATED_OBJC_IMPLEMENTATIONS = YES;
				CLANG_WARN_DIRECT_OBJC_ISA_USAGE = YES_ERROR;
				CLANG_WARN_DOCUMENTATION_COMMENTS = YES;
				CLANG_WARN_EMPTY_BODY = YES;
				CLANG_WARN_ENUM_CONVERSION = YES;
				CLANG_WARN_INFINITE_RECURSION = YES;
				CLANG_WARN_INT_CONVERSION = YES;
				CLANG_WARN_NON_LITERAL_NULL_CONVERSION = YES;
				CLANG_WARN_OBJC_IMPLICIT_RETAIN_SELF = YES;
				CLANG_WARN_OBJC_LITERAL_CONVERSION = YES;
				CLANG_WARN_OBJC_ROOT_CLASS = YES_ERROR;
				CLANG_WARN_RANGE_LOOP_ANALYSIS = YES;
				CLANG_WARN_STRICT_PROTOTYPES = YES;
				CLANG_WARN_SUSPICIOUS_MOVE = YES;
				CLANG_WARN_UNGUARDED_AVAILABILITY = YES_AGGRESSIVE;
				CLANG_WARN_UNREACHABLE_CODE = YES;
				CLANG_WARN__DUPLICATE_METHOD_MATCH = YES;
				COPY_PHASE_STRIP = NO;
				DEBUG_INFORMATION_FORMAT = "dwarf-with-dsym";
				ENABLE_NS_ASSERTIONS = NO;
				ENABLE_STRICT_OBJC_MSGSEND = YES;
				GCC_C_LANGUAGE_STANDARD = gnu11;
				GCC_NO_COMMON_BLOCKS = YES;
				GCC_WARN_64_TO_32_BIT_CONVERSION = YES;
				GCC_WARN_ABOUT_RETURN_TYPE = YES_ERROR;
				GCC_WARN_UNDECLARED_SELECTOR = YES;
				GCC_WARN_UNINITIALIZED_AUTOS = YES_AGGRESSIVE;
				GCC_WARN_UNUSED_FUNCTION = YES;
				GCC_WARN_UNUSED_VARIABLE = YES;
				IPHONEOS_DEPLOYMENT_TARGET = 13.2;
				MTL_ENABLE_DEBUG_INFO = NO;
				MTL_FAST_MATH = YES;
				SDKROOT = iphoneos;
				VALIDATE_PRODUCT = YES;
			};
			name = Release;
		};
		9D43C8D8237A602C00A60C44 /* Debug */ = {
			isa = XCBuildConfiguration;
			buildSettings = {
				ASSETCATALOG_COMPILER_APPICON_NAME = AppIcon;
				CODE_SIGN_STYLE = Automatic;
				INFOPLIST_FILE = RuntimeDemo/Info.plist;
				LD_RUNPATH_SEARCH_PATHS = (
					"$(inherited)",
					"@executable_path/Frameworks",
				);
				PRODUCT_BUNDLE_IDENTIFIER = ChenZeBin.RuntimeDemo;
				PRODUCT_NAME = "$(TARGET_NAME)";
				TARGETED_DEVICE_FAMILY = "1,2";
			};
			name = Debug;
		};
		9D43C8D9237A602C00A60C44 /* Release */ = {
			isa = XCBuildConfiguration;
			buildSettings = {
				ASSETCATALOG_COMPILER_APPICON_NAME = AppIcon;
				CODE_SIGN_STYLE = Automatic;
				INFOPLIST_FILE = RuntimeDemo/Info.plist;
				LD_RUNPATH_SEARCH_PATHS = (
					"$(inherited)",
					"@executable_path/Frameworks",
				);
				PRODUCT_BUNDLE_IDENTIFIER = ChenZeBin.RuntimeDemo;
				PRODUCT_NAME = "$(TARGET_NAME)";
				TARGETED_DEVICE_FAMILY = "1,2";
			};
			name = Release;
		};
/* End XCBuildConfiguration section */

/* Begin XCConfigurationList section */
		9D43C8B9237A602B00A60C44 /* Build configuration list for PBXProject "RuntimeDemo" */ = {
			isa = XCConfigurationList;
			buildConfigurations = (
				9D43C8D5237A602C00A60C44 /* Debug */,
				9D43C8D6237A602C00A60C44 /* Release */,
			);
			defaultConfigurationIsVisible = 0;
			defaultConfigurationName = Release;
		};
		9D43C8D7237A602C00A60C44 /* Build configuration list for PBXNativeTarget "RuntimeDemo" */ = {
			isa = XCConfigurationList;
			buildConfigurations = (
				9D43C8D8237A602C00A60C44 /* Debug */,
				9D43C8D9237A602C00A60C44 /* Release */,
			);
			defaultConfigurationIsVisible = 0;
			defaultConfigurationName = Release;
		};
/* End XCConfigurationList section */
	};
	rootObject = 9D43C8B6237A602B00A60C44 /* Project object */;
}
